
Microsoft Visual Studio Solution File, Format Version 12.00
# Visual Studio 2012
Project("{FAE04EC0-301F-11D3-BF4B-00C04F79EFBC}") = "SevenDigital.Api.Schema.Premium", "src\SevenDigital.Api.Schema.Premium\SevenDigital.Api.Schema.Premium.csproj", "{BCABFA71-E5FA-4E02-A720-077853BCDB46}"
EndProject
Project("{FAE04EC0-301F-11D3-BF4B-00C04F79EFBC}") = "SevenDigital.Api.Wrapper.Premium", "src\SevenDigital.Api.Wrapper.Premium\SevenDigital.Api.Wrapper.Premium.csproj", "{D56597C8-7740-426A-9F04-4EA6247163F8}"
EndProject
Global
	GlobalSection(SolutionConfigurationPlatforms) = preSolution
		Debug|Any CPU = Debug|Any CPU
		Release|Any CPU = Release|Any CPU
	EndGlobalSection
	GlobalSection(ProjectConfigurationPlatforms) = postSolution
		{BCABFA71-E5FA-4E02-A720-077853BCDB46}.Debug|Any CPU.ActiveCfg = Debug|Any CPU
		{BCABFA71-E5FA-4E02-A720-077853BCDB46}.Debug|Any CPU.Build.0 = Debug|Any CPU
		{BCABFA71-E5FA-4E02-A720-077853BCDB46}.Release|Any CPU.ActiveCfg = Release|Any CPU
		{BCABFA71-E5FA-4E02-A720-077853BCDB46}.Release|Any CPU.Build.0 = Release|Any CPU
		{D56597C8-7740-426A-9F04-4EA6247163F8}.Debug|Any CPU.ActiveCfg = Debug|Any CPU
		{D56597C8-7740-426A-9F04-4EA6247163F8}.Debug|Any CPU.Build.0 = Debug|Any CPU
		{D56597C8-7740-426A-9F04-4EA6247163F8}.Release|Any CPU.ActiveCfg = Release|Any CPU
		{D56597C8-7740-426A-9F04-4EA6247163F8}.Release|Any CPU.Build.0 = Release|Any CPU
	EndGlobalSection
	GlobalSection(SolutionProperties) = preSolution
		HideSolutionNode = FALSE
	EndGlobalSection
EndGlobal
